
Microsoft Visual Studio Solution File, Format Version 12.00
# Visual Studio 15
VisualStudioVersion = 15.0.28307.421
MinimumVisualStudioVersion = 10.0.40219.1
Project("{FAE04EC0-301F-11D3-BF4B-00C04F79EFBC}") = "HW3.1", "HW3.1\HW3.1.csproj", "{CF64FB14-F4C9-4223-840D-D81D1B83A34F}"
EndProject
Global
	GlobalSection(SolutionConfigurationPlatforms) = preSolution
		Debug|Any CPU = Debug|Any CPU
		Release|Any CPU = Release|Any CPU
	EndGlobalSection
	GlobalSection(ProjectConfigurationPlatforms) = postSolution
		{CF64FB14-F4C9-4223-840D-D81D1B83A34F}.Debug|Any CPU.ActiveCfg = Debug|Any CPU
		{CF64FB14-F4C9-4223-840D-D81D1B83A34F}.Debug|Any CPU.Build.0 = Debug|Any CPU
		{CF64FB14-F4C9-4223-840D-D81D1B83A34F}.Release|Any CPU.ActiveCfg = Release|Any CPU
		{CF64FB14-F4C9-4223-840D-D81D1B83A34F}.Release|Any CPU.Build.0 = Release|Any CPU
	EndGlobalSection
	GlobalSection(SolutionProperties) = preSolution
		HideSolutionNode = FALSE
	EndGlobalSection
	GlobalSection(ExtensibilityGlobals) = postSolution
		SolutionGuid = {E3A6A146-733E-4DB9-A95B-D175B676A224}
	EndGlobalSection
EndGlobal
