
Microsoft Visual Studio Solution File, Format Version 12.00
# Visual Studio 15
VisualStudioVersion = 15.0.28307.421
MinimumVisualStudioVersion = 10.0.40219.1
Project("{FAE04EC0-301F-11D3-BF4B-00C04F79EFBC}") = "HW3.2", "HW3.2\HW3.2.csproj", "{C87212B2-CC48-4573-BC64-DCEF07CCF6BC}"
EndProject
Global
	GlobalSection(SolutionConfigurationPlatforms) = preSolution
		Debug|Any CPU = Debug|Any CPU
		Release|Any CPU = Release|Any CPU
	EndGlobalSection
	GlobalSection(ProjectConfigurationPlatforms) = postSolution
		{C87212B2-CC48-4573-BC64-DCEF07CCF6BC}.Debug|Any CPU.ActiveCfg = Debug|Any CPU
		{C87212B2-CC48-4573-BC64-DCEF07CCF6BC}.Debug|Any CPU.Build.0 = Debug|Any CPU
		{C87212B2-CC48-4573-BC64-DCEF07CCF6BC}.Release|Any CPU.ActiveCfg = Release|Any CPU
		{C87212B2-CC48-4573-BC64-DCEF07CCF6BC}.Release|Any CPU.Build.0 = Release|Any CPU
	EndGlobalSection
	GlobalSection(SolutionProperties) = preSolution
		HideSolutionNode = FALSE
	EndGlobalSection
	GlobalSection(ExtensibilityGlobals) = postSolution
		SolutionGuid = {54F1B8D9-CF94-40CC-A52D-D054C6104A89}
	EndGlobalSection
EndGlobal
